
Microsoft Visual Studio Solution File, Format Version 12.00
# Visual Studio Version 16
VisualStudioVersion = 16.0.32106.194
MinimumVisualStudioVersion = 10.0.40219.1
Project("{FAE04EC0-301F-11D3-BF4B-00C04F79EFBC}") = "rgd", "rgd\rgd.csproj", "{E3D55384-3CD1-41F0-9052-0F2699A48D5E}"
EndProject
Global
	GlobalSection(SolutionConfigurationPlatforms) = preSolution
		Debug|Any CPU = Debug|Any CPU
		Release|Any CPU = Release|Any CPU
	EndGlobalSection
	GlobalSection(ProjectConfigurationPlatforms) = postSolution
		{E3D55384-3CD1-41F0-9052-0F2699A48D5E}.Debug|Any CPU.ActiveCfg = Debug|Any CPU
		{E3D55384-3CD1-41F0-9052-0F2699A48D5E}.Debug|Any CPU.Build.0 = Debug|Any CPU
		{E3D55384-3CD1-41F0-9052-0F2699A48D5E}.Release|Any CPU.ActiveCfg = Release|Any CPU
		{E3D55384-3CD1-41F0-9052-0F2699A48D5E}.Release|Any CPU.Build.0 = Release|Any CPU
	EndGlobalSection
	GlobalSection(SolutionProperties) = preSolution
		HideSolutionNode = FALSE
	EndGlobalSection
	GlobalSection(ExtensibilityGlobals) = postSolution
		SolutionGuid = {1A883D3E-6821-46F5-8AAF-E7EBD8449934}
	EndGlobalSection
EndGlobal
